// !$*UTF8*$!
{
	archiveVersion = 1;
	classes = {
	};
	objectVersion = 46;
	objects = {

/* Begin PBXBuildFile section */
		5A486A8119094D80005FA863 /* Foundation.framework in Frameworks */ = {isa = PBXBuildFile; fileRef = 5A486A8019094D80005FA863 /* Foundation.framework */; };
		5A486A8319094D80005FA863 /* CoreGraphics.framework in Frameworks */ = {isa = PBXBuildFile; fileRef = 5A486A8219094D80005FA863 /* CoreGraphics.framework */; };
		5A486A8519094D80005FA863 /* UIKit.framework in Frameworks */ = {isa = PBXBuildFile; fileRef = 5A486A8419094D80005FA863 /* UIKit.framework */; };
		5A486A8B19094D80005FA863 /* InfoPlist.strings in Resources */ = {isa = PBXBuildFile; fileRef = 5A486A8919094D80005FA863 /* InfoPlist.strings */; };
		5A486A8D19094D80005FA863 /* main.m in Sources */ = {isa = PBXBuildFile; fileRef = 5A486A8C19094D80005FA863 /* main.m */; };
		5A486A9119094D80005FA863 /* CCAppDelegate.m in Sources */ = {isa = PBXBuildFile; fileRef = 5A486A9019094D80005FA863 /* CCAppDelegate.m */; };
		5A486A9419094D80005FA863 /* Main.storyboard in Resources */ = {isa = PBXBuildFile; fileRef = 5A486A9219094D80005FA863 /* Main.storyboard */; };
		5A486A9719094D80005FA863 /* CCViewController.m in Sources */ = {isa = PBXBuildFile; fileRef = 5A486A9619094D80005FA863 /* CCViewController.m */; };
		5A486A9919094D81005FA863 /* Images.xcassets in Resources */ = {isa = PBXBuildFile; fileRef = 5A486A9819094D81005FA863 /* Images.xcassets */; };
		5A486AA019094D81005FA863 /* XCTest.framework in Frameworks */ = {isa = PBXBuildFile; fileRef = 5A486A9F19094D81005FA863 /* XCTest.framework */; };
		5A486AA119094D81005FA863 /* Foundation.framework in Frameworks */ = {isa = PBXBuildFile; fileRef = 5A486A8019094D80005FA863 /* Foundation.framework */; };
		5A486AA219094D81005FA863 /* UIKit.framework in Frameworks */ = {isa = PBXBuildFile; fileRef = 5A486A8419094D80005FA863 /* UIKit.framework */; };
		5A486AAA19094D81005FA863 /* InfoPlist.strings in Resources */ = {isa = PBXBuildFile; fileRef = 5A486AA819094D81005FA863 /* InfoPlist.strings */; };
		5A486AAC19094D81005FA863 /* Git_TestTests.m in Sources */ = {isa = PBXBuildFile; fileRef = 5A486AAB19094D81005FA863 /* Git_TestTests.m */; };
		5A486AB719095FB2005FA863 /* CCTest.m in Sources */ = {isa = PBXBuildFile; fileRef = 5A486AB619095FB2005FA863 /* CCTest.m */; };
/* End PBXBuildFile section */

/* Begin PBXContainerItemProxy section */
		5A486AA319094D81005FA863 /* PBXContainerItemProxy */ = {
			isa = PBXContainerItemProxy;
			containerPortal = 5A486A7519094D80005FA863 /* Project object */;
			proxyType = 1;
			remoteGlobalIDString = 5A486A7C19094D80005FA863;
			remoteInfo = "Git Test";
		};
/* End PBXContainerItemProxy section */

/* Begin PBXFileReference section */
		5A486A7D19094D80005FA863 /* Git Test.app */ = {isa = PBXFileReference; explicitFileType = wrapper.application; includeInIndex = 0; path = "Git Test.app"; sourceTree = BUILT_PRODUCTS_DIR; };
		5A486A8019094D80005FA863 /* Foundation.framework */ = {isa = PBXFileReference; lastKnownFileType = wrapper.framework; name = Foundation.framework; path = System/Library/Frameworks/Foundation.framework; sourceTree = SDKROOT; };
		5A486A8219094D80005FA863 /* CoreGraphics.framework */ = {isa = PBXFileReference; lastKnownFileType = wrapper.framework; name = CoreGraphics.framework; path = System/Library/Frameworks/CoreGraphics.framework; sourceTree = SDKROOT; };
		5A486A8419094D80005FA863 /* UIKit.framework */ = {isa = PBXFileReference; lastKnownFileType = wrapper.framework; name = UIKit.framework; path = System/Library/Frameworks/UIKit.framework; sourceTree = SDKROOT; };
		5A486A8819094D80005FA863 /* Git Test-Info.plist */ = {isa = PBXFileReference; lastKnownFileType = text.plist.xml; path = "Git Test-Info.plist"; sourceTree = "<group>"; };
		5A486A8A19094D80005FA863 /* en */ = {isa = PBXFileReference; lastKnownFileType = text.plist.strings; name = en; path = en.lproj/InfoPlist.strings; sourceTree = "<group>"; };
		5A486A8C19094D80005FA863 /* main.m */ = {isa = PBXFileReference; lastKnownFileType = sourcecode.c.objc; path = main.m; sourceTree = "<group>"; };
		5A486A8E19094D80005FA863 /* Git Test-Prefix.pch */ = {isa = PBXFileReference; lastKnownFileType = sourcecode.c.h; path = "Git Test-Prefix.pch"; sourceTree = "<group>"; };
		5A486A8F19094D80005FA863 /* CCAppDelegate.h */ = {isa = PBXFileReference; lastKnownFileType = sourcecode.c.h; path = CCAppDelegate.h; sourceTree = "<group>"; };
		5A486A9019094D80005FA863 /* CCAppDelegate.m */ = {isa = PBXFileReference; lastKnownFileType = sourcecode.c.objc; path = CCAppDelegate.m; sourceTree = "<group>"; };
		5A486A9319094D80005FA863 /* Base */ = {isa = PBXFileReference; lastKnownFileType = file.storyboard; name = Base; path = Base.lproj/Main.storyboard; sourceTree = "<group>"; };
		5A486A9519094D80005FA863 /* CCViewController.h */ = {isa = PBXFileReference; lastKnownFileType = sourcecode.c.h; path = CCViewController.h; sourceTree = "<group>"; };
		5A486A9619094D80005FA863 /* CCViewController.m */ = {isa = PBXFileReference; lastKnownFileType = sourcecode.c.objc; path = CCViewController.m; sourceTree = "<group>"; };
		5A486A9819094D81005FA863 /* Images.xcassets */ = {isa = PBXFileReference; lastKnownFileType = folder.assetcatalog; path = Images.xcassets; sourceTree = "<group>"; };
		5A486A9E19094D81005FA863 /* Git TestTests.xctest */ = {isa = PBXFileReference; explicitFileType = wrapper.cfbundle; includeInIndex = 0; path = "Git TestTests.xctest"; sourceTree = BUILT_PRODUCTS_DIR; };
		5A486A9F19094D81005FA863 /* XCTest.framework */ = {isa = PBXFileReference; lastKnownFileType = wrapper.framework; name = XCTest.framework; path = Library/Frameworks/XCTest.framework; sourceTree = DEVELOPER_DIR; };
		5A486AA719094D81005FA863 /* Git TestTests-Info.plist */ = {isa = PBXFileReference; lastKnownFileType = text.plist.xml; path = "Git TestTests-Info.plist"; sourceTree = "<group>"; };
		5A486AA919094D81005FA863 /* en */ = {isa = PBXFileReference; lastKnownFileType = text.plist.strings; name = en; path = en.lproj/InfoPlist.strings; sourceTree = "<group>"; };
		5A486AAB19094D81005FA863 /* Git_TestTests.m */ = {isa = PBXFileReference; lastKnownFileType = sourcecode.c.objc; path = Git_TestTests.m; sourceTree = "<group>"; };
		5A486AB519095FB2005FA863 /* CCTest.h */ = {isa = PBXFileReference; fileEncoding = 4; lastKnownFileType = sourcecode.c.h; path = CCTest.h; sourceTree = "<group>"; };
		5A486AB619095FB2005FA863 /* CCTest.m */ = {isa = PBXFileReference; fileEncoding = 4; lastKnownFileType = sourcecode.c.objc; path = CCTest.m; sourceTree = "<group>"; };
/* End PBXFileReference section */

/* Begin PBXFrameworksBuildPhase section */
		5A486A7A19094D80005FA863 /* Frameworks */ = {
			isa = PBXFrameworksBuildPhase;
			buildActionMask = 2147483647;
			files = (
				5A486A8319094D80005FA863 /* CoreGraphics.framework in Frameworks */,
				5A486A8519094D80005FA863 /* UIKit.framework in Frameworks */,
				5A486A8119094D80005FA863 /* Foundation.framework in Frameworks */,
			);
			runOnlyForDeploymentPostprocessing = 0;
		};
		5A486A9B19094D81005FA863 /* Frameworks */ = {
			isa = PBXFrameworksBuildPhase;
			buildActionMask = 2147483647;
			files = (
				5A486AA019094D81005FA863 /* XCTest.framework in Frameworks */,
				5A486AA219094D81005FA863 /* UIKit.framework in Frameworks */,
				5A486AA119094D81005FA863 /* Foundation.framework in Frameworks */,
			);
			runOnlyForDeploymentPostprocessing = 0;
		};
/* End PBXFrameworksBuildPhase section */

/* Begin PBXGroup section */
		5A486A7419094D80005FA863 = {
			isa = PBXGroup;
			children = (
				5A486A8619094D80005FA863 /* Git Test */,
				5A486AA519094D81005FA863 /* Git TestTests */,
				5A486A7F19094D80005FA863 /* Frameworks */,
				5A486A7E19094D80005FA863 /* Products */,
			);
			sourceTree = "<group>";
		};
		5A486A7E19094D80005FA863 /* Products */ = {
			isa = PBXGroup;
			children = (
				5A486A7D19094D80005FA863 /* Git Test.app */,
				5A486A9E19094D81005FA863 /* Git TestTests.xctest */,
			);
			name = Products;
			sourceTree = "<group>";
		};
		5A486A7F19094D80005FA863 /* Frameworks */ = {
			isa = PBXGroup;
			children = (
				5A486A8019094D80005FA863 /* Foundation.framework */,
				5A486A8219094D80005FA863 /* CoreGraphics.framework */,
				5A486A8419094D80005FA863 /* UIKit.framework */,
				5A486A9F19094D81005FA863 /* XCTest.framework */,
			);
			name = Frameworks;
			sourceTree = "<group>";
		};
		5A486A8619094D80005FA863 /* Git Test */ = {
			isa = PBXGroup;
			children = (
				5A486A8F19094D80005FA863 /* CCAppDelegate.h */,
				5A486A9019094D80005FA863 /* CCAppDelegate.m */,
				5A486A9219094D80005FA863 /* Main.storyboard */,
				5A486A9519094D80005FA863 /* CCViewController.h */,
				5A486A9619094D80005FA863 /* CCViewController.m */,
				5A486AB519095FB2005FA863 /* CCTest.h */,
				5A486AB619095FB2005FA863 /* CCTest.m */,
				5A486A9819094D81005FA863 /* Images.xcassets */,
				5A486A8719094D80005FA863 /* Supporting Files */,
			);
			path = "Git Test";
			sourceTree = "<group>";
		};
		5A486A8719094D80005FA863 /* Supporting Files */ = {
			isa = PBXGroup;
			children = (
				5A486A8819094D80005FA863 /* Git Test-Info.plist */,
				5A486A8919094D80005FA863 /* InfoPlist.strings */,
				5A486A8C19094D80005FA863 /* main.m */,
				5A486A8E19094D80005FA863 /* Git Test-Prefix.pch */,
			);
			name = "Supporting Files";
			sourceTree = "<group>";
		};
		5A486AA519094D81005FA863 /* Git TestTests */ = {
			isa = PBXGroup;
			children = (
				5A486AAB19094D81005FA863 /* Git_TestTests.m */,
				5A486AA619094D81005FA863 /* Supporting Files */,
			);
			path = "Git TestTests";
			sourceTree = "<group>";
		};
		5A486AA619094D81005FA863 /* Supporting Files */ = {
			isa = PBXGroup;
			children = (
				5A486AA719094D81005FA863 /* Git TestTests-Info.plist */,
				5A486AA819094D81005FA863 /* InfoPlist.strings */,
			);
			name = "Supporting Files";
			sourceTree = "<group>";
		};
/* End PBXGroup section */

/* Begin PBXNativeTarget section */
		5A486A7C19094D80005FA863 /* Git Test */ = {
			isa = PBXNativeTarget;
			buildConfigurationList = 5A486AAF19094D81005FA863 /* Build configuration list for PBXNativeTarget "Git Test" */;
			buildPhases = (
				5A486A7919094D80005FA863 /* Sources */,
				5A486A7A19094D80005FA863 /* Frameworks */,
				5A486A7B19094D80005FA863 /* Resources */,
			);
			buildRules = (
			);
			dependencies = (
			);
			name = "Git Test";
			productName = "Git Test";
			productReference = 5A486A7D19094D80005FA863 /* Git Test.app */;
			productType = "com.apple.product-type.application";
		};
		5A486A9D19094D81005FA863 /* Git TestTests */ = {
			isa = PBXNativeTarget;
			buildConfigurationList = 5A486AB219094D81005FA863 /* Build configuration list for PBXNativeTarget "Git TestTests" */;
			buildPhases = (
				5A486A9A19094D81005FA863 /* Sources */,
				5A486A9B19094D81005FA863 /* Frameworks */,
				5A486A9C19094D81005FA863 /* Resources */,
			);
			buildRules = (
			);
			dependencies = (
				5A486AA419094D81005FA863 /* PBXTargetDependency */,
			);
			name = "Git TestTests";
			productName = "Git TestTests";
			productReference = 5A486A9E19094D81005FA863 /* Git TestTests.xctest */;
			productType = "com.apple.product-type.bundle.unit-test";
		};
/* End PBXNativeTarget section */

/* Begin PBXProject section */
		5A486A7519094D80005FA863 /* Project object */ = {
			isa = PBXProject;
			attributes = {
				CLASSPREFIX = CC;
				LastUpgradeCheck = 0500;
				ORGANIZATIONNAME = "Дмитрий Морозов";
				TargetAttributes = {
					5A486A9D19094D81005FA863 = {
						TestTargetID = 5A486A7C19094D80005FA863;
					};
				};
			};
			buildConfigurationList = 5A486A7819094D80005FA863 /* Build configuration list for PBXProject "Git Test" */;
			compatibilityVersion = "Xcode 3.2";
			developmentRegion = English;
			hasScannedForEncodings = 0;
			knownRegions = (
				en,
				Base,
			);
			mainGroup = 5A486A7419094D80005FA863;
			productRefGroup = 5A486A7E19094D80005FA863 /* Products */;
			projectDirPath = "";
			projectRoot = "";
			targets = (
				5A486A7C19094D80005FA863 /* Git Test */,
				5A486A9D19094D81005FA863 /* Git TestTests */,
			);
		};
/* End PBXProject section */

/* Begin PBXResourcesBuildPhase section */
		5A486A7B19094D80005FA863 /* Resources */ = {
			isa = PBXResourcesBuildPhase;
			buildActionMask = 2147483647;
			files = (
				5A486A9919094D81005FA863 /* Images.xcassets in Resources */,
				5A486A8B19094D80005FA863 /* InfoPlist.strings in Resources */,
				5A486A9419094D80005FA863 /* Main.storyboard in Resources */,
			);
			runOnlyForDeploymentPostprocessing = 0;
		};
		5A486A9C19094D81005FA863 /* Resources */ = {
			isa = PBXResourcesBuildPhase;
			buildActionMask = 2147483647;
			files = (
				5A486AAA19094D81005FA863 /* InfoPlist.strings in Resources */,
			);
			runOnlyForDeploymentPostprocessing = 0;
		};
/* End PBXResourcesBuildPhase section */

/* Begin PBXSourcesBuildPhase section */
		5A486A7919094D80005FA863 /* Sources */ = {
			isa = PBXSourcesBuildPhase;
			buildActionMask = 2147483647;
			files = (
				5A486A9119094D80005FA863 /* CCAppDelegate.m in Sources */,
				5A486AB719095FB2005FA863 /* CCTest.m in Sources */,
				5A486A8D19094D80005FA863 /* main.m in Sources */,
				5A486A9719094D80005FA863 /* CCViewController.m in Sources */,
			);
			runOnlyForDeploymentPostprocessing = 0;
		};
		5A486A9A19094D81005FA863 /* Sources */ = {
			isa = PBXSourcesBuildPhase;
			buildActionMask = 2147483647;
			files = (
				5A486AAC19094D81005FA863 /* Git_TestTests.m in Sources */,
			);
			runOnlyForDeploymentPostprocessing = 0;
		};
/* End PBXSourcesBuildPhase section */

/* Begin PBXTargetDependency section */
		5A486AA419094D81005FA863 /* PBXTargetDependency */ = {
			isa = PBXTargetDependency;
			target = 5A486A7C19094D80005FA863 /* Git Test */;
			targetProxy = 5A486AA319094D81005FA863 /* PBXContainerItemProxy */;
		};
/* End PBXTargetDependency section */

/* Begin PBXVariantGroup section */
		5A486A8919094D80005FA863 /* InfoPlist.strings */ = {
			isa = PBXVariantGroup;
			children = (
				5A486A8A19094D80005FA863 /* en */,
			);
			name = InfoPlist.strings;
			sourceTree = "<group>";
		};
		5A486A9219094D80005FA863 /* Main.storyboard */ = {
			isa = PBXVariantGroup;
			children = (
				5A486A9319094D80005FA863 /* Base */,
			);
			name = Main.storyboard;
			sourceTree = "<group>";
		};
		5A486AA819094D81005FA863 /* InfoPlist.strings */ = {
			isa = PBXVariantGroup;
			children = (
				5A486AA919094D81005FA863 /* en */,
			);
			name = InfoPlist.strings;
			sourceTree = "<group>";
		};
/* End PBXVariantGroup section */

/* Begin XCBuildConfiguration section */
		5A486AAD19094D81005FA863 /* Debug */ = {
			isa = XCBuildConfiguration;
			buildSettings = {
				ALWAYS_SEARCH_USER_PATHS = NO;
				ARCHS = "$(ARCHS_STANDARD_INCLUDING_64_BIT)";
				CLANG_CXX_LANGUAGE_STANDARD = "gnu++0x";
				CLANG_CXX_LIBRARY = "libc++";
				CLANG_ENABLE_MODULES = YES;
				CLANG_ENABLE_OBJC_ARC = YES;
				CLANG_WARN_BOOL_CONVERSION = YES;
				CLANG_WARN_CONSTANT_CONVERSION = YES;
				CLANG_WARN_DIRECT_OBJC_ISA_USAGE = YES_ERROR;
				CLANG_WARN_EMPTY_BODY = YES;
				CLANG_WARN_ENUM_CONVERSION = YES;
				CLANG_WARN_INT_CONVERSION = YES;
				CLANG_WARN_OBJC_ROOT_CLASS = YES_ERROR;
				CLANG_WARN__DUPLICATE_METHOD_MATCH = YES;
				"CODE_SIGN_IDENTITY[sdk=iphoneos*]" = "iPhone Developer";
				COPY_PHASE_STRIP = NO;
				GCC_C_LANGUAGE_STANDARD = gnu99;
				GCC_DYNAMIC_NO_PIC = NO;
				GCC_OPTIMIZATION_LEVEL = 0;
				GCC_PREPROCESSOR_DEFINITIONS = (
					"DEBUG=1",
					"$(inherited)",
				);
				GCC_SYMBOLS_PRIVATE_EXTERN = NO;
				GCC_WARN_64_TO_32_BIT_CONVERSION = YES;
				GCC_WARN_ABOUT_RETURN_TYPE = YES_ERROR;
				GCC_WARN_UNDECLARED_SELECTOR = YES;
				GCC_WARN_UNINITIALIZED_AUTOS = YES;
				GCC_WARN_UNUSED_FUNCTION = YES;
				GCC_WARN_UNUSED_VARIABLE = YES;
				IPHONEOS_DEPLOYMENT_TARGET = 7.0;
				ONLY_ACTIVE_ARCH = YES;
				SDKROOT = iphoneos;
			};
			name = Debug;
		};
		5A486AAE19094D81005FA863 /* Release */ = {
			isa = XCBuildConfiguration;
			buildSettings = {
				ALWAYS_SEARCH_USER_PATHS = NO;
				ARCHS = "$(ARCHS_STANDARD_INCLUDING_64_BIT)";
				CLANG_CXX_LANGUAGE_STANDARD = "gnu++0x";
				CLANG_CXX_LIBRARY = "libc++";
				CLANG_ENABLE_MODULES = YES;
				CLANG_ENABLE_OBJC_ARC = YES;
				CLANG_WARN_BOOL_CONVERSION = YES;
				CLANG_WARN_CONSTANT_CONVERSION = YES;
				CLANG_WARN_DIRECT_OBJC_ISA_USAGE = YES_ERROR;
				CLANG_WARN_EMPTY_BODY = YES;
				CLANG_WARN_ENUM_CONVERSION = YES;
				CLANG_WARN_INT_CONVERSION = YES;
				CLANG_WARN_OBJC_ROOT_CLASS = YES_ERROR;
				CLANG_WARN__DUPLICATE_METHOD_MATCH = YES;
				"CODE_SIGN_IDENTITY[sdk=iphoneos*]" = "iPhone Developer";
				COPY_PHASE_STRIP = YES;
				ENABLE_NS_ASSERTIONS = NO;
				GCC_C_LANGUAGE_STANDARD = gnu99;
				GCC_WARN_64_TO_32_BIT_CONVERSION = YES;
				GCC_WARN_ABOUT_RETURN_TYPE = YES_ERROR;
				GCC_WARN_UNDECLARED_SELECTOR = YES;
				GCC_WARN_UNINITIALIZED_AUTOS = YES;
				GCC_WARN_UNUSED_FUNCTION = YES;
				GCC_WARN_UNUSED_VARIABLE = YES;
				IPHONEOS_DEPLOYMENT_TARGET = 7.0;
				SDKROOT = iphoneos;
				VALIDATE_PRODUCT = YES;
			};
			name = Release;
		};
		5A486AB019094D81005FA863 /* Debug */ = {
			isa = XCBuildConfiguration;
			buildSettings = {
				ASSETCATALOG_COMPILER_APPICON_NAME = AppIcon;
				ASSETCATALOG_COMPILER_LAUNCHIMAGE_NAME = LaunchImage;
				GCC_PRECOMPILE_PREFIX_HEADER = YES;
				GCC_PREFIX_HEADER = "Git Test/Git Test-Prefix.pch";
				INFOPLIST_FILE = "Git Test/Git Test-Info.plist";
				PRODUCT_NAME = "$(TARGET_NAME)";
				WRAPPER_EXTENSION = app;
			};
			name = Debug;
		};
		5A486AB119094D81005FA863 /* Release */ = {
			isa = XCBuildConfiguration;
			buildSettings = {
				ASSETCATALOG_COMPILER_APPICON_NAME = AppIcon;
				ASSETCATALOG_COMPILER_LAUNCHIMAGE_NAME = LaunchImage;
				GCC_PRECOMPILE_PREFIX_HEADER = YES;
				GCC_PREFIX_HEADER = "Git Test/Git Test-Prefix.pch";
				INFOPLIST_FILE = "Git Test/Git Test-Info.plist";
				PRODUCT_NAME = "$(TARGET_NAME)";
				WRAPPER_EXTENSION = app;
			};
			name = Release;
		};
		5A486AB319094D81005FA863 /* Debug */ = {
			isa = XCBuildConfiguration;
			buildSettings = {
				ARCHS = "$(ARCHS_STANDARD_INCLUDING_64_BIT)";
				BUNDLE_LOADER = "$(BUILT_PRODUCTS_DIR)/Git Test.app/Git Test";
				FRAMEWORK_SEARCH_PATHS = (
					"$(SDKROOT)/Developer/Library/Frameworks",
					"$(inherited)",
					"$(DEVELOPER_FRAMEWORKS_DIR)",
				);
				GCC_PRECOMPILE_PREFIX_HEADER = YES;
				GCC_PREFIX_HEADER = "Git Test/Git Test-Prefix.pch";
				GCC_PREPROCESSOR_DEFINITIONS = (
					"DEBUG=1",
					"$(inherited)",
				);
				INFOPLIST_FILE = "Git TestTests/Git TestTests-Info.plist";
				PRODUCT_NAME = "$(TARGET_NAME)";
				TEST_HOST = "$(BUNDLE_LOADER)";
				WRAPPER_EXTENSION = xctest;
			};
			name = Debug;
		};
		5A486AB419094D81005FA863 /* Release */ = {
			isa = XCBuildConfiguration;
			buildSettings = {
				ARCHS = "$(ARCHS_STANDARD_INCLUDING_64_BIT)";
				BUNDLE_LOADER = "$(BUILT_PRODUCTS_DIR)/Git Test.app/Git Test";
				FRAMEWORK_SEARCH_PATHS = (
					"$(SDKROOT)/Developer/Library/Frameworks",
					"$(inherited)",
					"$(DEVELOPER_FRAMEWORKS_DIR)",
				);
				GCC_PRECOMPILE_PREFIX_HEADER = YES;
				GCC_PREFIX_HEADER = "Git Test/Git Test-Prefix.pch";
				INFOPLIST_FILE = "Git TestTests/Git TestTests-Info.plist";
				PRODUCT_NAME = "$(TARGET_NAME)";
				TEST_HOST = "$(BUNDLE_LOADER)";
				WRAPPER_EXTENSION = xctest;
			};
			name = Release;
		};
/* End XCBuildConfiguration section */

/* Begin XCConfigurationList section */
		5A486A7819094D80005FA863 /* Build configuration list for PBXProject "Git Test" */ = {
			isa = XCConfigurationList;
			buildConfigurations = (
				5A486AAD19094D81005FA863 /* Debug */,
				5A486AAE19094D81005FA863 /* Release */,
			);
			defaultConfigurationIsVisible = 0;
			defaultConfigurationName = Release;
		};
		5A486AAF19094D81005FA863 /* Build configuration list for PBXNativeTarget "Git Test" */ = {
			isa = XCConfigurationList;
			buildConfigurations = (
				5A486AB019094D81005FA863 /* Debug */,
				5A486AB119094D81005FA863 /* Release */,
			);
			defaultConfigurationIsVisible = 0;
		};
		5A486AB219094D81005FA863 /* Build configuration list for PBXNativeTarget "Git TestTests" */ = {
			isa = XCConfigurationList;
			buildConfigurations = (
				5A486AB319094D81005FA863 /* Debug */,
				5A486AB419094D81005FA863 /* Release */,
			);
			defaultConfigurationIsVisible = 0;
		};
/* End XCConfigurationList section */
	};
	rootObject = 5A486A7519094D80005FA863 /* Project object */;
}
